// !$*UTF8*$!
{
	archiveVersion = 1;
	classes = {
	};
	objectVersion = 46;
	objects = {

/* Begin PBXBuildFile section */
		9176B1B98F3BFA77558B6F52 /* m-2-Add-Two-Numbers.swift in Sources */ = {isa = PBXBuildFile; fileRef = 9176B1BA330F3F7FEA293CFD /* m-2-Add-Two-Numbers.swift */; };
		9176B369FDCFBC8B3C43A4B0 /* e-892-Surface-Area-of-3D-Shapes.swift in Sources */ = {isa = PBXBuildFile; fileRef = 9176BB74BB7D94436B9A1630 /* e-892-Surface-Area-of-3D-Shapes.swift */; };
		9176B6A8FA3A334960F48DAB /* e-mst-17.16-The-Masseuse-LCCI.swift in Sources */ = {isa = PBXBuildFile; fileRef = 9176B2118E3FA784E7C326B5 /* e-mst-17.16-The-Masseuse-LCCI.swift */; };
		9176BA8F7AFF185136612664 /* main.swift in Sources */ = {isa = PBXBuildFile; fileRef = 9176BBAB221F4A0A49FE0E31 /* main.swift */; };
		9176BAB9156323D45AE464C6 /* e-876-Middle-of-the-Linked-List.swift in Sources */ = {isa = PBXBuildFile; fileRef = 9176B5FF3EFF31BB7ED95AF3 /* e-876-Middle-of-the-Linked-List.swift */; };
		9176BD5570EBF92E5BB246AA /* e-67-Add-Binary.swift in Sources */ = {isa = PBXBuildFile; fileRef = 9176BE55056A93B071CACD0B /* e-67-Add-Binary.swift */; };
/* End PBXBuildFile section */

/* Begin PBXCopyFilesBuildPhase section */
		9176BE379734F59625EE493E /* CopyFiles */ = {
			isa = PBXCopyFilesBuildPhase;
			buildActionMask = 2147483647;
			dstPath = /usr/share/man/man1/;
			dstSubfolderSpec = 0;
			files = (
			);
			runOnlyForDeploymentPostprocessing = 1;
		};
/* End PBXCopyFilesBuildPhase section */

/* Begin PBXFileReference section */
		9176B1BA330F3F7FEA293CFD /* m-2-Add-Two-Numbers.swift */ = {isa = PBXFileReference; fileEncoding = 4; lastKnownFileType = sourcecode.swift; path = "m-2-Add-Two-Numbers.swift"; sourceTree = "<group>"; };
		9176B2118E3FA784E7C326B5 /* e-mst-17.16-The-Masseuse-LCCI.swift */ = {isa = PBXFileReference; fileEncoding = 4; lastKnownFileType = sourcecode.swift; path = "e-mst-17.16-The-Masseuse-LCCI.swift"; sourceTree = "<group>"; };
		9176B40A98888C50B2A75450 /* LeetCode */ = {isa = PBXFileReference; explicitFileType = "compiled.mach-o.executable"; includeInIndex = 0; path = LeetCode; sourceTree = BUILT_PRODUCTS_DIR; };
		9176B5FF3EFF31BB7ED95AF3 /* e-876-Middle-of-the-Linked-List.swift */ = {isa = PBXFileReference; fileEncoding = 4; lastKnownFileType = sourcecode.swift; path = "e-876-Middle-of-the-Linked-List.swift"; sourceTree = "<group>"; };
		9176BB74BB7D94436B9A1630 /* e-892-Surface-Area-of-3D-Shapes.swift */ = {isa = PBXFileReference; fileEncoding = 4; lastKnownFileType = sourcecode.swift; path = "e-892-Surface-Area-of-3D-Shapes.swift"; sourceTree = "<group>"; };
		9176BBAB221F4A0A49FE0E31 /* main.swift */ = {isa = PBXFileReference; lastKnownFileType = sourcecode.swift; path = main.swift; sourceTree = "<group>"; };
		9176BE55056A93B071CACD0B /* e-67-Add-Binary.swift */ = {isa = PBXFileReference; fileEncoding = 4; lastKnownFileType = sourcecode.swift; path = "e-67-Add-Binary.swift"; sourceTree = "<group>"; };
/* End PBXFileReference section */

/* Begin PBXFrameworksBuildPhase section */
		9176B20B83AC08B44BAC00A8 /* Frameworks */ = {
			isa = PBXFrameworksBuildPhase;
			buildActionMask = 2147483647;
			files = (
			);
			runOnlyForDeploymentPostprocessing = 0;
		};
/* End PBXFrameworksBuildPhase section */

/* Begin PBXGroup section */
		9176B007F857620AF70BBAD7 /* BinarySearch */ = {
			isa = PBXGroup;
			children = (
			);
			path = BinarySearch;
			sourceTree = "<group>";
		};
		9176B1848579A0FF631CDBD9 /* BitManipulation */ = {
			isa = PBXGroup;
			children = (
			);
			path = BitManipulation;
			sourceTree = "<group>";
		};
		9176B257B3573471487F506B /* LinkedList */ = {
			isa = PBXGroup;
			children = (
				9176B5FF3EFF31BB7ED95AF3 /* e-876-Middle-of-the-Linked-List.swift */,
				9176B1BA330F3F7FEA293CFD /* m-2-Add-Two-Numbers.swift */,
			);
			path = LinkedList;
			sourceTree = "<group>";
		};
		9176B2AB26445FFA5208B108 /* Products */ = {
			isa = PBXGroup;
			children = (
				9176B40A98888C50B2A75450 /* LeetCode */,
			);
			name = Products;
			sourceTree = "<group>";
		};
		9176B2E3C3803C0D88C46985 /* Math */ = {
			isa = PBXGroup;
			children = (
				9176BE55056A93B071CACD0B /* e-67-Add-Binary.swift */,
				9176BB74BB7D94436B9A1630 /* e-892-Surface-Area-of-3D-Shapes.swift */,
			);
			path = Math;
			sourceTree = "<group>";
		};
		9176B36579CE8E801DE9849D /* BreadthFirstSearch */ = {
			isa = PBXGroup;
			children = (
			);
			path = BreadthFirstSearch;
			sourceTree = "<group>";
		};
		9176B3BB687B88ADEA427E45 /* MySQL */ = {
			isa = PBXGroup;
			children = (
			);
			path = MySQL;
			sourceTree = "<group>";
		};
		9176B43FD48C92215379A1AD /* DoublePointer */ = {
			isa = PBXGroup;
			children = (
			);
			path = DoublePointer;
			sourceTree = "<group>";
		};
		9176B478A153F90720E681C1 /* LeetCode */ = {
			isa = PBXGroup;
			children = (
				9176BBAB221F4A0A49FE0E31 /* main.swift */,
				9176B2E3C3803C0D88C46985 /* Math */,
				9176BBA35529EC80B7FC4D89 /* Image */,
				9176B9215C99350E4C40ED1D /* Queue */,
				9176B257B3573471487F506B /* LinkedList */,
				9176BBE3AAC05B018D9056BE /* Backtracking */,
				9176BDBEAE0A329BEB94AD91 /* GreedyAlgorithm */,
				9176BA03E5C9DDDAD01805FF /* HashTable */,
				9176B7B26FF108AA7D3A08E9 /* String */,
				9176B1848579A0FF631CDBD9 /* BitManipulation */,
				9176BB5EBE3D07B2071E1680 /* Stack */,
				9176B36579CE8E801DE9849D /* BreadthFirstSearch */,
				9176B4CF56A0A105BA60A6D8 /* DepthFirstSearch */,
				9176BB8543D925FC5C7A74D0 /* Heap */,
				9176B674E532FB8BCF715602 /* TreeNode */,
				9176B7DB78588FC2310CD1A8 /* Recursion */,
				9176B43FD48C92215379A1AD /* DoublePointer */,
				9176B947FFC6040E199AC856 /* DynamicProgramming */,
				9176B62B15919E35113A613E /* Array */,
				9176B007F857620AF70BBAD7 /* BinarySearch */,
				9176BD09C8AD4714225EC71E /* SlidingWindow */,
				9176B3BB687B88ADEA427E45 /* MySQL */,
			);
			path = LeetCode;
			sourceTree = "<group>";
		};
		9176B4CF56A0A105BA60A6D8 /* DepthFirstSearch */ = {
			isa = PBXGroup;
			children = (
			);
			path = DepthFirstSearch;
			sourceTree = "<group>";
		};
		9176B62B15919E35113A613E /* Array */ = {
			isa = PBXGroup;
			children = (
			);
			path = Array;
			sourceTree = "<group>";
		};
		9176B674E532FB8BCF715602 /* TreeNode */ = {
			isa = PBXGroup;
			children = (
			);
			path = TreeNode;
			sourceTree = "<group>";
		};
		9176B7B26FF108AA7D3A08E9 /* String */ = {
			isa = PBXGroup;
			children = (
			);
			path = String;
			sourceTree = "<group>";
		};
		9176B7DB78588FC2310CD1A8 /* Recursion */ = {
			isa = PBXGroup;
			children = (
			);
			path = Recursion;
			sourceTree = "<group>";
		};
		9176B9215C99350E4C40ED1D /* Queue */ = {
			isa = PBXGroup;
			children = (
			);
			path = Queue;
			sourceTree = "<group>";
		};
		9176B947FFC6040E199AC856 /* DynamicProgramming */ = {
			isa = PBXGroup;
			children = (
				9176B2118E3FA784E7C326B5 /* e-mst-17.16-The-Masseuse-LCCI.swift */,
			);
			path = DynamicProgramming;
			sourceTree = "<group>";
		};
		9176BA03E5C9DDDAD01805FF /* HashTable */ = {
			isa = PBXGroup;
			children = (
			);
			path = HashTable;
			sourceTree = "<group>";
		};
		9176BABB0A825BDCBAD5C5FF = {
			isa = PBXGroup;
			children = (
				9176B2AB26445FFA5208B108 /* Products */,
				9176B478A153F90720E681C1 /* LeetCode */,
			);
			sourceTree = "<group>";
		};
		9176BB5EBE3D07B2071E1680 /* Stack */ = {
			isa = PBXGroup;
			children = (
			);
			path = Stack;
			sourceTree = "<group>";
		};
		9176BB8543D925FC5C7A74D0 /* Heap */ = {
			isa = PBXGroup;
			children = (
			);
			path = Heap;
			sourceTree = "<group>";
		};
		9176BBA35529EC80B7FC4D89 /* Image */ = {
			isa = PBXGroup;
			children = (
			);
			path = Image;
			sourceTree = "<group>";
		};
		9176BBE3AAC05B018D9056BE /* Backtracking */ = {
			isa = PBXGroup;
			children = (
			);
			path = Backtracking;
			sourceTree = "<group>";
		};
		9176BD09C8AD4714225EC71E /* SlidingWindow */ = {
			isa = PBXGroup;
			children = (
			);
			path = SlidingWindow;
			sourceTree = "<group>";
		};
		9176BDBEAE0A329BEB94AD91 /* GreedyAlgorithm */ = {
			isa = PBXGroup;
			children = (
			);
			path = GreedyAlgorithm;
			sourceTree = "<group>";
		};
/* End PBXGroup section */

/* Begin PBXNativeTarget section */
		9176B36B5CC43FB5EE345710 /* LeetCode */ = {
			isa = PBXNativeTarget;
			buildConfigurationList = 9176BB68B42C9037F7C70901 /* Build configuration list for PBXNativeTarget "LeetCode" */;
			buildPhases = (
				9176B6593C44674C39702DA4 /* Sources */,
				9176B20B83AC08B44BAC00A8 /* Frameworks */,
				9176BE379734F59625EE493E /* CopyFiles */,
			);
			buildRules = (
			);
			dependencies = (
			);
			name = LeetCode;
			productName = LeetCode;
			productReference = 9176B40A98888C50B2A75450 /* LeetCode */;
			productType = "com.apple.product-type.tool";
		};
/* End PBXNativeTarget section */

/* Begin PBXProject section */
		9176B455A3FE2E1079329D9F /* Project object */ = {
			isa = PBXProject;
			attributes = {
				ORGANIZATIONNAME = rakuyo;
			};
			buildConfigurationList = 9176B856639D0FD862633A9A /* Build configuration list for PBXProject "LeetCode" */;
			compatibilityVersion = "Xcode 3.2";
			developmentRegion = English;
			hasScannedForEncodings = 0;
			knownRegions = (
				en,
			);
			mainGroup = 9176BABB0A825BDCBAD5C5FF;
			productRefGroup = 9176B2AB26445FFA5208B108 /* Products */;
			projectDirPath = "";
			projectRoot = "";
			targets = (
				9176B36B5CC43FB5EE345710 /* LeetCode */,
			);
		};
/* End PBXProject section */

/* Begin PBXSourcesBuildPhase section */
		9176B6593C44674C39702DA4 /* Sources */ = {
			isa = PBXSourcesBuildPhase;
			buildActionMask = 2147483647;
			files = (
				9176BA8F7AFF185136612664 /* main.swift in Sources */,
				9176BAB9156323D45AE464C6 /* e-876-Middle-of-the-Linked-List.swift in Sources */,
				9176B6A8FA3A334960F48DAB /* e-mst-17.16-The-Masseuse-LCCI.swift in Sources */,
				9176BD5570EBF92E5BB246AA /* e-67-Add-Binary.swift in Sources */,
				9176B369FDCFBC8B3C43A4B0 /* e-892-Surface-Area-of-3D-Shapes.swift in Sources */,
				9176B1B98F3BFA77558B6F52 /* m-2-Add-Two-Numbers.swift in Sources */,
			);
			runOnlyForDeploymentPostprocessing = 0;
		};
/* End PBXSourcesBuildPhase section */

/* Begin XCBuildConfiguration section */
		9176B2048D1EB88C6E12B4B5 /* Debug */ = {
			isa = XCBuildConfiguration;
			buildSettings = {
				ALWAYS_SEARCH_USER_PATHS = NO;
				CLANG_ANALYZER_NONNULL = YES;
				CLANG_ANALYZER_NUMBER_OBJECT_CONVERSION = YES_AGGRESSIVE;
				CLANG_CXX_LANGUAGE_STANDARD = "gnu++14";
				CLANG_CXX_LIBRARY = "libc++";
				CLANG_ENABLE_MODULES = YES;
				CLANG_ENABLE_OBJC_ARC = YES;
				CLANG_ENABLE_OBJC_WEAK = YES;
				CLANG_WARN_BLOCK_CAPTURE_AUTORELEASING = YES;
				CLANG_WARN_BOOL_CONVERSION = YES;
				CLANG_WARN_COMMA = YES;
				CLANG_WARN_CONSTANT_CONVERSION = YES;
				CLANG_WARN_DEPRECATED_OBJC_IMPLEMENTATIONS = YES;
				CLANG_WARN_DIRECT_OBJC_ISA_USAGE = YES_ERROR;
				CLANG_WARN_DOCUMENTATION_COMMENTS = YES;
				CLANG_WARN_EMPTY_BODY = YES;
				CLANG_WARN_ENUM_CONVERSION = YES;
				CLANG_WARN_INFINITE_RECURSION = YES;
				CLANG_WARN_INT_CONVERSION = YES;
				CLANG_WARN_NON_LITERAL_NULL_CONVERSION = YES;
				CLANG_WARN_OBJC_IMPLICIT_RETAIN_SELF = YES;
				CLANG_WARN_OBJC_LITERAL_CONVERSION = YES;
				CLANG_WARN_OBJC_ROOT_CLASS = YES_ERROR;
				CLANG_WARN_RANGE_LOOP_ANALYSIS = YES;
				CLANG_WARN_STRICT_PROTOTYPES = YES;
				CLANG_WARN_SUSPICIOUS_MOVE = YES;
				CLANG_WARN_UNGUARDED_AVAILABILITY = YES_AGGRESSIVE;
				CLANG_WARN_UNREACHABLE_CODE = YES;
				CLANG_WARN__DUPLICATE_METHOD_MATCH = YES;
				COPY_PHASE_STRIP = NO;
				DEBUG_INFORMATION_FORMAT = dwarf;
				ENABLE_STRICT_OBJC_MSGSEND = YES;
				ENABLE_TESTABILITY = YES;
				GCC_C_LANGUAGE_STANDARD = gnu11;
				GCC_DYNAMIC_NO_PIC = NO;
				GCC_NO_COMMON_BLOCKS = YES;
				GCC_OPTIMIZATION_LEVEL = 0;
				GCC_PREPROCESSOR_DEFINITIONS = (
					"DEBUG=1",
					"$(inherited)",
				);
				GCC_WARN_64_TO_32_BIT_CONVERSION = YES;
				GCC_WARN_ABOUT_RETURN_TYPE = YES_ERROR;
				GCC_WARN_UNDECLARED_SELECTOR = YES;
				GCC_WARN_UNINITIALIZED_AUTOS = YES_AGGRESSIVE;
				GCC_WARN_UNUSED_FUNCTION = YES;
				GCC_WARN_UNUSED_VARIABLE = YES;
				MACOSX_DEPLOYMENT_TARGET = 10.15;
				MTL_ENABLE_DEBUG_INFO = INCLUDE_SOURCE;
				MTL_FAST_MATH = YES;
				ONLY_ACTIVE_ARCH = YES;
				SDKROOT = macosx;
				SWIFT_ACTIVE_COMPILATION_CONDITIONS = DEBUG;
				SWIFT_OPTIMIZATION_LEVEL = "-Onone";
			};
			name = Debug;
		};
		9176B7B07583BA7637AB18D8 /* Release */ = {
			isa = XCBuildConfiguration;
			buildSettings = {
				ALWAYS_SEARCH_USER_PATHS = NO;
				CLANG_ANALYZER_NONNULL = YES;
				CLANG_ANALYZER_NUMBER_OBJECT_CONVERSION = YES_AGGRESSIVE;
				CLANG_CXX_LANGUAGE_STANDARD = "gnu++14";
				CLANG_CXX_LIBRARY = "libc++";
				CLANG_ENABLE_MODULES = YES;
				CLANG_ENABLE_OBJC_ARC = YES;
				CLANG_ENABLE_OBJC_WEAK = YES;
				CLANG_WARN_BLOCK_CAPTURE_AUTORELEASING = YES;
				CLANG_WARN_BOOL_CONVERSION = YES;
				CLANG_WARN_COMMA = YES;
				CLANG_WARN_CONSTANT_CONVERSION = YES;
				CLANG_WARN_DEPRECATED_OBJC_IMPLEMENTATIONS = YES;
				CLANG_WARN_DIRECT_OBJC_ISA_USAGE = YES_ERROR;
				CLANG_WARN_DOCUMENTATION_COMMENTS = YES;
				CLANG_WARN_EMPTY_BODY = YES;
				CLANG_WARN_ENUM_CONVERSION = YES;
				CLANG_WARN_INFINITE_RECURSION = YES;
				CLANG_WARN_INT_CONVERSION = YES;
				CLANG_WARN_NON_LITERAL_NULL_CONVERSION = YES;
				CLANG_WARN_OBJC_IMPLICIT_RETAIN_SELF = YES;
				CLANG_WARN_OBJC_LITERAL_CONVERSION = YES;
				CLANG_WARN_OBJC_ROOT_CLASS = YES_ERROR;
				CLANG_WARN_RANGE_LOOP_ANALYSIS = YES;
				CLANG_WARN_STRICT_PROTOTYPES = YES;
				CLANG_WARN_SUSPICIOUS_MOVE = YES;
				CLANG_WARN_UNGUARDED_AVAILABILITY = YES_AGGRESSIVE;
				CLANG_WARN_UNREACHABLE_CODE = YES;
				CLANG_WARN__DUPLICATE_METHOD_MATCH = YES;
				COPY_PHASE_STRIP = NO;
				DEBUG_INFORMATION_FORMAT = "dwarf-with-dsym";
				ENABLE_NS_ASSERTIONS = NO;
				ENABLE_STRICT_OBJC_MSGSEND = YES;
				GCC_C_LANGUAGE_STANDARD = gnu11;
				GCC_NO_COMMON_BLOCKS = YES;
				GCC_WARN_64_TO_32_BIT_CONVERSION = YES;
				GCC_WARN_ABOUT_RETURN_TYPE = YES_ERROR;
				GCC_WARN_UNDECLARED_SELECTOR = YES;
				GCC_WARN_UNINITIALIZED_AUTOS = YES_AGGRESSIVE;
				GCC_WARN_UNUSED_FUNCTION = YES;
				GCC_WARN_UNUSED_VARIABLE = YES;
				MACOSX_DEPLOYMENT_TARGET = 10.15;
				MTL_ENABLE_DEBUG_INFO = NO;
				MTL_FAST_MATH = YES;
				SDKROOT = macosx;
				SWIFT_COMPILATION_MODE = wholemodule;
				SWIFT_OPTIMIZATION_LEVEL = "-O";
			};
			name = Release;
		};
		9176BBA3957D922AE09E6E98 /* Debug */ = {
			isa = XCBuildConfiguration;
			buildSettings = {
				PRODUCT_NAME = "$(TARGET_NAME)";
				SWIFT_VERSION = 5.0;
			};
			name = Debug;
		};
		9176BC1C1D1EAA1B0CDB858B /* Release */ = {
			isa = XCBuildConfiguration;
			buildSettings = {
				PRODUCT_NAME = "$(TARGET_NAME)";
				SWIFT_VERSION = 5.0;
			};
			name = Release;
		};
/* End XCBuildConfiguration section */

/* Begin XCConfigurationList section */
		9176B856639D0FD862633A9A /* Build configuration list for PBXProject "LeetCode" */ = {
			isa = XCConfigurationList;
			buildConfigurations = (
				9176B2048D1EB88C6E12B4B5 /* Debug */,
				9176B7B07583BA7637AB18D8 /* Release */,
			);
			defaultConfigurationIsVisible = 0;
			defaultConfigurationName = Release;
		};
		9176BB68B42C9037F7C70901 /* Build configuration list for PBXNativeTarget "LeetCode" */ = {
			isa = XCConfigurationList;
			buildConfigurations = (
				9176BBA3957D922AE09E6E98 /* Debug */,
				9176BC1C1D1EAA1B0CDB858B /* Release */,
			);
			defaultConfigurationIsVisible = 0;
		};
/* End XCConfigurationList section */
	};
	rootObject = 9176B455A3FE2E1079329D9F /* Project object */;
}
