// !$*UTF8*$!
{
	archiveVersion = 1;
	classes = {
	};
	objectVersion = 46;
	objects = {

/* Begin PBXBuildFile section */
		9176B0D12D175753D6A60BDC /* m-5195-Longest-Happy-String.swift in Sources */ = {isa = PBXBuildFile; fileRef = 9176B0BE7BE4A92D5D315437 /* m-5195-Longest-Happy-String.swift */; };
		9176B1B98F3BFA77558B6F52 /* m-2-Add-Two-Numbers.swift in Sources */ = {isa = PBXBuildFile; fileRef = 9176B1BA330F3F7FEA293CFD /* m-2-Add-Two-Numbers.swift */; };
		9176B1E165AF035D1ACCFF34 /* m-1162-As-Far-from-Land-as-Possible.swift in Sources */ = {isa = PBXBuildFile; fileRef = 9176B6E38961400FE461D1AA /* m-1162-As-Far-from-Land-as-Possible.swift */; };
		9176B25A0FE7CF1C227052D4 /* e-5380-String-Matching-in-an-Array.swift in Sources */ = {isa = PBXBuildFile; fileRef = 9176BB2C82DA058A3ED6A5F2 /* e-5380-String-Matching-in-an-Array.swift */; };
		9176B369FDCFBC8B3C43A4B0 /* e-892-Surface-Area-of-3D-Shapes.swift in Sources */ = {isa = PBXBuildFile; fileRef = 9176BB74BB7D94436B9A1630 /* e-892-Surface-Area-of-3D-Shapes.swift */; };
		9176B455E0EF8F460E2C4AD8 /* m-5381-Queries-on-a-Permutation-With-Key.swift in Sources */ = {isa = PBXBuildFile; fileRef = 9176B150F0160268042FDE75 /* m-5381-Queries-on-a-Permutation-With-Key.swift */; };
		9176B49FDA5CA253121800A1 /* h-42-Trapping-Rain-Water.swift in Sources */ = {isa = PBXBuildFile; fileRef = 9176BCF5624D075D8E9C3654 /* h-42-Trapping-Rain-Water.swift */; };
		9176B6A8FA3A334960F48DAB /* e-mst-17.16-The-Masseuse-LCCI.swift in Sources */ = {isa = PBXBuildFile; fileRef = 9176B2118E3FA784E7C326B5 /* e-mst-17.16-The-Masseuse-LCCI.swift */; };
		9176BA8F7AFF185136612664 /* main.swift in Sources */ = {isa = PBXBuildFile; fileRef = 9176BBAB221F4A0A49FE0E31 /* main.swift */; };
		9176BAB9156323D45AE464C6 /* e-876-Middle-of-the-Linked-List.swift in Sources */ = {isa = PBXBuildFile; fileRef = 9176B5FF3EFF31BB7ED95AF3 /* e-876-Middle-of-the-Linked-List.swift */; };
		9176BD2C8C9341627B29D2CA /* m-912-Sort-an-Array.swift in Sources */ = {isa = PBXBuildFile; fileRef = 9176BC5702425850658C6304 /* m-912-Sort-an-Array.swift */; };
		9176BD5570EBF92E5BB246AA /* e-67-Add-Binary.swift in Sources */ = {isa = PBXBuildFile; fileRef = 9176BE55056A93B071CACD0B /* e-67-Add-Binary.swift */; };
		BF93E13F59F766C99E2DADA8 /* m-1111-Maximum-Nesting-Depth-of-Two-Valid-Parentheses-Strings.swift in Sources */ = {isa = PBXBuildFile; fileRef = BF93E894FCD30A536D0E7335 /* m-1111-Maximum-Nesting-Depth-of-Two-Valid-Parentheses-Strings.swift */; };
		BF93E34102E620A855F49FB5 /* m-mst-01.07-Rotate-Matrix-LCCI.swift in Sources */ = {isa = PBXBuildFile; fileRef = BF93E606064069E078F9767D /* m-mst-01.07-Rotate-Matrix-LCCI.swift */; };
		BF93E555E9275993B36DFA41 /* TreeNode.swift in Sources */ = {isa = PBXBuildFile; fileRef = BF93E73B5A6EEDE341E3ADEC /* TreeNode.swift */; };
		BF93E60741D5D7D206F6354C /* ListNode.swift in Sources */ = {isa = PBXBuildFile; fileRef = BF93E273B6EB9788655FF0C6 /* ListNode.swift */; };
		BF93E766B6A9A543D91C70A9 /* e-999-Available-Captures-for-Rook.swift in Sources */ = {isa = PBXBuildFile; fileRef = BF93EA88BB00F490EF74D495 /* e-999-Available-Captures-for-Rook.swift */; };
		BF93E77B6EC5641025D6DA58 /* m-22-Generate-Parentheses.swift in Sources */ = {isa = PBXBuildFile; fileRef = BF93E3B7C569DCBA2AE6EBD2 /* m-22-Generate-Parentheses.swift */; };
		BF93E7B7AD61FEF6F0D8A5B8 /* m-151-Reverse-Words-in-a-String.swift in Sources */ = {isa = PBXBuildFile; fileRef = BF93E537FEC4059C3AFFAA89 /* m-151-Reverse-Words-in-a-String.swift */; };
		BF93E88BEB169223A3B503E1 /* m-289-Game-of-Life.swift in Sources */ = {isa = PBXBuildFile; fileRef = BF93E4521B8C8CCDB1D32199 /* m-289-Game-of-Life.swift */; };
		BF93E969F789D657117996A7 /* e-104-Maximum-Depth-of-Binary-Tree.swift in Sources */ = {isa = PBXBuildFile; fileRef = BF93ECCD567D647C694749A0 /* e-104-Maximum-Depth-of-Binary-Tree.swift */; };
		BF93EA064A1331D132D1F744 /* e-914-X-of-a-Kind-in-a-Deck-of-Cards.swift in Sources */ = {isa = PBXBuildFile; fileRef = BF93E55343CEA3678286405E /* e-914-X-of-a-Kind-in-a-Deck-of-Cards.swift */; };
		BF93EA0D7085FD4DE89A0992 /* m-820-Short-Encoding-of-Words.swift in Sources */ = {isa = PBXBuildFile; fileRef = BF93E41E6159B20CE001D0C8 /* m-820-Short-Encoding-of-Words.swift */; };
		BF93EB2A56D9B21876282741 /* m-236-Lowest-Common-Ancestor-of-a-Binary-Tree.swift in Sources */ = {isa = PBXBuildFile; fileRef = BF93E0580D6961C5D1635A64 /* m-236-Lowest-Common-Ancestor-of-a-Binary-Tree.swift */; };
/* End PBXBuildFile section */

/* Begin PBXCopyFilesBuildPhase section */
		9176BE379734F59625EE493E /* CopyFiles */ = {
			isa = PBXCopyFilesBuildPhase;
			buildActionMask = 2147483647;
			dstPath = /usr/share/man/man1/;
			dstSubfolderSpec = 0;
			files = (
			);
			runOnlyForDeploymentPostprocessing = 1;
		};
/* End PBXCopyFilesBuildPhase section */

/* Begin PBXFileReference section */
		9176B0BE7BE4A92D5D315437 /* m-5195-Longest-Happy-String.swift */ = {isa = PBXFileReference; fileEncoding = 4; lastKnownFileType = sourcecode.swift; path = "m-5195-Longest-Happy-String.swift"; sourceTree = "<group>"; };
		9176B150F0160268042FDE75 /* m-5381-Queries-on-a-Permutation-With-Key.swift */ = {isa = PBXFileReference; fileEncoding = 4; lastKnownFileType = sourcecode.swift; path = "m-5381-Queries-on-a-Permutation-With-Key.swift"; sourceTree = "<group>"; };
		9176B1BA330F3F7FEA293CFD /* m-2-Add-Two-Numbers.swift */ = {isa = PBXFileReference; fileEncoding = 4; lastKnownFileType = sourcecode.swift; path = "m-2-Add-Two-Numbers.swift"; sourceTree = "<group>"; };
		9176B2118E3FA784E7C326B5 /* e-mst-17.16-The-Masseuse-LCCI.swift */ = {isa = PBXFileReference; fileEncoding = 4; lastKnownFileType = sourcecode.swift; path = "e-mst-17.16-The-Masseuse-LCCI.swift"; sourceTree = "<group>"; };
		9176B40A98888C50B2A75450 /* LeetCode */ = {isa = PBXFileReference; explicitFileType = "compiled.mach-o.executable"; includeInIndex = 0; path = LeetCode; sourceTree = BUILT_PRODUCTS_DIR; };
		9176B5FF3EFF31BB7ED95AF3 /* e-876-Middle-of-the-Linked-List.swift */ = {isa = PBXFileReference; fileEncoding = 4; lastKnownFileType = sourcecode.swift; path = "e-876-Middle-of-the-Linked-List.swift"; sourceTree = "<group>"; };
		9176B6E38961400FE461D1AA /* m-1162-As-Far-from-Land-as-Possible.swift */ = {isa = PBXFileReference; fileEncoding = 4; lastKnownFileType = sourcecode.swift; path = "m-1162-As-Far-from-Land-as-Possible.swift"; sourceTree = "<group>"; };
		9176BB2C82DA058A3ED6A5F2 /* e-5380-String-Matching-in-an-Array.swift */ = {isa = PBXFileReference; fileEncoding = 4; lastKnownFileType = sourcecode.swift; path = "e-5380-String-Matching-in-an-Array.swift"; sourceTree = "<group>"; };
		9176BB74BB7D94436B9A1630 /* e-892-Surface-Area-of-3D-Shapes.swift */ = {isa = PBXFileReference; fileEncoding = 4; lastKnownFileType = sourcecode.swift; path = "e-892-Surface-Area-of-3D-Shapes.swift"; sourceTree = "<group>"; };
		9176BBAB221F4A0A49FE0E31 /* main.swift */ = {isa = PBXFileReference; lastKnownFileType = sourcecode.swift; path = main.swift; sourceTree = "<group>"; };
		9176BC5702425850658C6304 /* m-912-Sort-an-Array.swift */ = {isa = PBXFileReference; fileEncoding = 4; lastKnownFileType = sourcecode.swift; path = "m-912-Sort-an-Array.swift"; sourceTree = "<group>"; };
		9176BCF5624D075D8E9C3654 /* h-42-Trapping-Rain-Water.swift */ = {isa = PBXFileReference; fileEncoding = 4; lastKnownFileType = sourcecode.swift; path = "h-42-Trapping-Rain-Water.swift"; sourceTree = "<group>"; };
		9176BE55056A93B071CACD0B /* e-67-Add-Binary.swift */ = {isa = PBXFileReference; fileEncoding = 4; lastKnownFileType = sourcecode.swift; path = "e-67-Add-Binary.swift"; sourceTree = "<group>"; };
		BF93E0580D6961C5D1635A64 /* m-236-Lowest-Common-Ancestor-of-a-Binary-Tree.swift */ = {isa = PBXFileReference; fileEncoding = 4; lastKnownFileType = sourcecode.swift; path = "m-236-Lowest-Common-Ancestor-of-a-Binary-Tree.swift"; sourceTree = "<group>"; };
		BF93E273B6EB9788655FF0C6 /* ListNode.swift */ = {isa = PBXFileReference; fileEncoding = 4; lastKnownFileType = sourcecode.swift; path = ListNode.swift; sourceTree = "<group>"; };
		BF93E3B7C569DCBA2AE6EBD2 /* m-22-Generate-Parentheses.swift */ = {isa = PBXFileReference; fileEncoding = 4; lastKnownFileType = sourcecode.swift; path = "m-22-Generate-Parentheses.swift"; sourceTree = "<group>"; };
		BF93E41E6159B20CE001D0C8 /* m-820-Short-Encoding-of-Words.swift */ = {isa = PBXFileReference; fileEncoding = 4; lastKnownFileType = sourcecode.swift; path = "m-820-Short-Encoding-of-Words.swift"; sourceTree = "<group>"; };
		BF93E4521B8C8CCDB1D32199 /* m-289-Game-of-Life.swift */ = {isa = PBXFileReference; fileEncoding = 4; lastKnownFileType = sourcecode.swift; path = "m-289-Game-of-Life.swift"; sourceTree = "<group>"; };
		BF93E537FEC4059C3AFFAA89 /* m-151-Reverse-Words-in-a-String.swift */ = {isa = PBXFileReference; fileEncoding = 4; lastKnownFileType = sourcecode.swift; path = "m-151-Reverse-Words-in-a-String.swift"; sourceTree = "<group>"; };
		BF93E55343CEA3678286405E /* e-914-X-of-a-Kind-in-a-Deck-of-Cards.swift */ = {isa = PBXFileReference; fileEncoding = 4; lastKnownFileType = sourcecode.swift; path = "e-914-X-of-a-Kind-in-a-Deck-of-Cards.swift"; sourceTree = "<group>"; };
		BF93E606064069E078F9767D /* m-mst-01.07-Rotate-Matrix-LCCI.swift */ = {isa = PBXFileReference; fileEncoding = 4; lastKnownFileType = sourcecode.swift; path = "m-mst-01.07-Rotate-Matrix-LCCI.swift"; sourceTree = "<group>"; };
		BF93E73B5A6EEDE341E3ADEC /* TreeNode.swift */ = {isa = PBXFileReference; fileEncoding = 4; lastKnownFileType = sourcecode.swift; path = TreeNode.swift; sourceTree = "<group>"; };
		BF93E894FCD30A536D0E7335 /* m-1111-Maximum-Nesting-Depth-of-Two-Valid-Parentheses-Strings.swift */ = {isa = PBXFileReference; fileEncoding = 4; lastKnownFileType = sourcecode.swift; path = "m-1111-Maximum-Nesting-Depth-of-Two-Valid-Parentheses-Strings.swift"; sourceTree = "<group>"; };
		BF93EA88BB00F490EF74D495 /* e-999-Available-Captures-for-Rook.swift */ = {isa = PBXFileReference; fileEncoding = 4; lastKnownFileType = sourcecode.swift; path = "e-999-Available-Captures-for-Rook.swift"; sourceTree = "<group>"; };
		BF93ECCD567D647C694749A0 /* e-104-Maximum-Depth-of-Binary-Tree.swift */ = {isa = PBXFileReference; fileEncoding = 4; lastKnownFileType = sourcecode.swift; path = "e-104-Maximum-Depth-of-Binary-Tree.swift"; sourceTree = "<group>"; };
/* End PBXFileReference section */

/* Begin PBXFrameworksBuildPhase section */
		9176B20B83AC08B44BAC00A8 /* Frameworks */ = {
			isa = PBXFrameworksBuildPhase;
			buildActionMask = 2147483647;
			files = (
			);
			runOnlyForDeploymentPostprocessing = 0;
		};
/* End PBXFrameworksBuildPhase section */

/* Begin PBXGroup section */
		9176B007F857620AF70BBAD7 /* BinarySearch */ = {
			isa = PBXGroup;
			children = (
			);
			path = BinarySearch;
			sourceTree = "<group>";
		};
		9176B1848579A0FF631CDBD9 /* BitManipulation */ = {
			isa = PBXGroup;
			children = (
			);
			path = BitManipulation;
			sourceTree = "<group>";
		};
		9176B257B3573471487F506B /* LinkedList */ = {
			isa = PBXGroup;
			children = (
				BF93E273B6EB9788655FF0C6 /* ListNode.swift */,
				9176B5FF3EFF31BB7ED95AF3 /* e-876-Middle-of-the-Linked-List.swift */,
				9176B1BA330F3F7FEA293CFD /* m-2-Add-Two-Numbers.swift */,
			);
			path = LinkedList;
			sourceTree = "<group>";
		};
		9176B2AB26445FFA5208B108 /* Products */ = {
			isa = PBXGroup;
			children = (
				9176B40A98888C50B2A75450 /* LeetCode */,
			);
			name = Products;
			sourceTree = "<group>";
		};
		9176B2E3C3803C0D88C46985 /* Math */ = {
			isa = PBXGroup;
			children = (
				9176BE55056A93B071CACD0B /* e-67-Add-Binary.swift */,
				9176BB74BB7D94436B9A1630 /* e-892-Surface-Area-of-3D-Shapes.swift */,
			);
			path = Math;
			sourceTree = "<group>";
		};
		9176B36579CE8E801DE9849D /* BreadthFirstSearch */ = {
			isa = PBXGroup;
			children = (
				9176B6E38961400FE461D1AA /* m-1162-As-Far-from-Land-as-Possible.swift */,
			);
			path = BreadthFirstSearch;
			sourceTree = "<group>";
		};
		9176B3BB687B88ADEA427E45 /* MySQL */ = {
			isa = PBXGroup;
			children = (
			);
			path = MySQL;
			sourceTree = "<group>";
		};
		9176B43FD48C92215379A1AD /* DoublePointer */ = {
			isa = PBXGroup;
			children = (
			);
			path = DoublePointer;
			sourceTree = "<group>";
		};
		9176B478A153F90720E681C1 /* LeetCode */ = {
			isa = PBXGroup;
			children = (
				9176BBAB221F4A0A49FE0E31 /* main.swift */,
				9176B2E3C3803C0D88C46985 /* Math */,
				9176BBA35529EC80B7FC4D89 /* Image */,
				9176B9215C99350E4C40ED1D /* Queue */,
				9176B257B3573471487F506B /* LinkedList */,
				9176BBE3AAC05B018D9056BE /* Backtracking */,
				9176BDBEAE0A329BEB94AD91 /* Greedy */,
				9176BA03E5C9DDDAD01805FF /* HashTable */,
				9176B7B26FF108AA7D3A08E9 /* String */,
				9176B1848579A0FF631CDBD9 /* BitManipulation */,
				9176BB5EBE3D07B2071E1680 /* Stack */,
				9176B36579CE8E801DE9849D /* BreadthFirstSearch */,
				9176B4CF56A0A105BA60A6D8 /* DepthFirstSearch */,
				9176BB8543D925FC5C7A74D0 /* Heap */,
				9176B674E532FB8BCF715602 /* Tree */,
				9176B7DB78588FC2310CD1A8 /* Recursion */,
				9176B43FD48C92215379A1AD /* DoublePointer */,
				9176B947FFC6040E199AC856 /* DynamicProgramming */,
				9176B62B15919E35113A613E /* Array */,
				9176B007F857620AF70BBAD7 /* BinarySearch */,
				9176BD09C8AD4714225EC71E /* SlidingWindow */,
				9176B3BB687B88ADEA427E45 /* MySQL */,
				BF93E3E42BAD4EEC3ADF6867 /* Trie */,
			);
			path = LeetCode;
			sourceTree = "<group>";
		};
		9176B4CF56A0A105BA60A6D8 /* DepthFirstSearch */ = {
			isa = PBXGroup;
			children = (
			);
			path = DepthFirstSearch;
			sourceTree = "<group>";
		};
		9176B62B15919E35113A613E /* Array */ = {
			isa = PBXGroup;
			children = (
				BF93EA88BB00F490EF74D495 /* e-999-Available-Captures-for-Rook.swift */,
				BF93E55343CEA3678286405E /* e-914-X-of-a-Kind-in-a-Deck-of-Cards.swift */,
				9176BC5702425850658C6304 /* m-912-Sort-an-Array.swift */,
				BF93E4521B8C8CCDB1D32199 /* m-289-Game-of-Life.swift */,
				BF93E606064069E078F9767D /* m-mst-01.07-Rotate-Matrix-LCCI.swift */,
				9176B150F0160268042FDE75 /* m-5381-Queries-on-a-Permutation-With-Key.swift */,
			);
			path = Array;
			sourceTree = "<group>";
		};
		9176B674E532FB8BCF715602 /* Tree */ = {
			isa = PBXGroup;
			children = (
				BF93E73B5A6EEDE341E3ADEC /* TreeNode.swift */,
				BF93E0580D6961C5D1635A64 /* m-236-Lowest-Common-Ancestor-of-a-Binary-Tree.swift */,
				BF93ECCD567D647C694749A0 /* e-104-Maximum-Depth-of-Binary-Tree.swift */,
			);
			path = Tree;
			sourceTree = "<group>";
		};
		9176B7B26FF108AA7D3A08E9 /* String */ = {
			isa = PBXGroup;
			children = (
				BF93E537FEC4059C3AFFAA89 /* m-151-Reverse-Words-in-a-String.swift */,
				BF93E3B7C569DCBA2AE6EBD2 /* m-22-Generate-Parentheses.swift */,
				9176BB2C82DA058A3ED6A5F2 /* e-5380-String-Matching-in-an-Array.swift */,
			);
			path = String;
			sourceTree = "<group>";
		};
		9176B7DB78588FC2310CD1A8 /* Recursion */ = {
			isa = PBXGroup;
			children = (
			);
			path = Recursion;
			sourceTree = "<group>";
		};
		9176B9215C99350E4C40ED1D /* Queue */ = {
			isa = PBXGroup;
			children = (
			);
			path = Queue;
			sourceTree = "<group>";
		};
		9176B947FFC6040E199AC856 /* DynamicProgramming */ = {
			isa = PBXGroup;
			children = (
				9176B2118E3FA784E7C326B5 /* e-mst-17.16-The-Masseuse-LCCI.swift */,
			);
			path = DynamicProgramming;
			sourceTree = "<group>";
		};
		9176BA03E5C9DDDAD01805FF /* HashTable */ = {
			isa = PBXGroup;
			children = (
			);
			path = HashTable;
			sourceTree = "<group>";
		};
		9176BABB0A825BDCBAD5C5FF = {
			isa = PBXGroup;
			children = (
				9176B2AB26445FFA5208B108 /* Products */,
				9176B478A153F90720E681C1 /* LeetCode */,
			);
			sourceTree = "<group>";
		};
		9176BB5EBE3D07B2071E1680 /* Stack */ = {
			isa = PBXGroup;
			children = (
				9176BCF5624D075D8E9C3654 /* h-42-Trapping-Rain-Water.swift */,
			);
			path = Stack;
			sourceTree = "<group>";
		};
		9176BB8543D925FC5C7A74D0 /* Heap */ = {
			isa = PBXGroup;
			children = (
			);
			path = Heap;
			sourceTree = "<group>";
		};
		9176BBA35529EC80B7FC4D89 /* Image */ = {
			isa = PBXGroup;
			children = (
			);
			path = Image;
			sourceTree = "<group>";
		};
		9176BBE3AAC05B018D9056BE /* Backtracking */ = {
			isa = PBXGroup;
			children = (
			);
			path = Backtracking;
			sourceTree = "<group>";
		};
		9176BD09C8AD4714225EC71E /* SlidingWindow */ = {
			isa = PBXGroup;
			children = (
			);
			path = SlidingWindow;
			sourceTree = "<group>";
		};
		9176BDBEAE0A329BEB94AD91 /* Greedy */ = {
			isa = PBXGroup;
			children = (
				BF93E894FCD30A536D0E7335 /* m-1111-Maximum-Nesting-Depth-of-Two-Valid-Parentheses-Strings.swift */,
				9176B0BE7BE4A92D5D315437 /* m-5195-Longest-Happy-String.swift */,
			);
			path = Greedy;
			sourceTree = "<group>";
		};
		BF93E3E42BAD4EEC3ADF6867 /* Trie */ = {
			isa = PBXGroup;
			children = (
				BF93E41E6159B20CE001D0C8 /* m-820-Short-Encoding-of-Words.swift */,
			);
			path = Trie;
			sourceTree = "<group>";
		};
/* End PBXGroup section */

/* Begin PBXNativeTarget section */
		9176B36B5CC43FB5EE345710 /* LeetCode */ = {
			isa = PBXNativeTarget;
			buildConfigurationList = 9176BB68B42C9037F7C70901 /* Build configuration list for PBXNativeTarget "LeetCode" */;
			buildPhases = (
				9176B6593C44674C39702DA4 /* Sources */,
				9176B20B83AC08B44BAC00A8 /* Frameworks */,
				9176BE379734F59625EE493E /* CopyFiles */,
			);
			buildRules = (
			);
			dependencies = (
			);
			name = LeetCode;
			productName = LeetCode;
			productReference = 9176B40A98888C50B2A75450 /* LeetCode */;
			productType = "com.apple.product-type.tool";
		};
/* End PBXNativeTarget section */

/* Begin PBXProject section */
		9176B455A3FE2E1079329D9F /* Project object */ = {
			isa = PBXProject;
			attributes = {
				ORGANIZATIONNAME = rakuyo;
			};
			buildConfigurationList = 9176B856639D0FD862633A9A /* Build configuration list for PBXProject "LeetCode" */;
			compatibilityVersion = "Xcode 3.2";
			developmentRegion = English;
			hasScannedForEncodings = 0;
			knownRegions = (
				English,
				en,
			);
			mainGroup = 9176BABB0A825BDCBAD5C5FF;
			productRefGroup = 9176B2AB26445FFA5208B108 /* Products */;
			projectDirPath = "";
			projectRoot = "";
			targets = (
				9176B36B5CC43FB5EE345710 /* LeetCode */,
			);
		};
/* End PBXProject section */

/* Begin PBXSourcesBuildPhase section */
		9176B6593C44674C39702DA4 /* Sources */ = {
			isa = PBXSourcesBuildPhase;
			buildActionMask = 2147483647;
			files = (
				9176BA8F7AFF185136612664 /* main.swift in Sources */,
				9176BAB9156323D45AE464C6 /* e-876-Middle-of-the-Linked-List.swift in Sources */,
				9176B6A8FA3A334960F48DAB /* e-mst-17.16-The-Masseuse-LCCI.swift in Sources */,
				9176BD5570EBF92E5BB246AA /* e-67-Add-Binary.swift in Sources */,
				9176B369FDCFBC8B3C43A4B0 /* e-892-Surface-Area-of-3D-Shapes.swift in Sources */,
				9176B1B98F3BFA77558B6F52 /* m-2-Add-Two-Numbers.swift in Sources */,
				BF93E60741D5D7D206F6354C /* ListNode.swift in Sources */,
				BF93E766B6A9A543D91C70A9 /* e-999-Available-Captures-for-Rook.swift in Sources */,
				BF93E555E9275993B36DFA41 /* TreeNode.swift in Sources */,
				BF93EB2A56D9B21876282741 /* m-236-Lowest-Common-Ancestor-of-a-Binary-Tree.swift in Sources */,
				9176B1E165AF035D1ACCFF34 /* m-1162-As-Far-from-Land-as-Possible.swift in Sources */,
				BF93EA064A1331D132D1F744 /* e-914-X-of-a-Kind-in-a-Deck-of-Cards.swift in Sources */,
				9176BD2C8C9341627B29D2CA /* m-912-Sort-an-Array.swift in Sources */,
				BF93E13F59F766C99E2DADA8 /* m-1111-Maximum-Nesting-Depth-of-Two-Valid-Parentheses-Strings.swift in Sources */,
				BF93E88BEB169223A3B503E1 /* m-289-Game-of-Life.swift in Sources */,
				BF93E969F789D657117996A7 /* e-104-Maximum-Depth-of-Binary-Tree.swift in Sources */,
				9176B49FDA5CA253121800A1 /* h-42-Trapping-Rain-Water.swift in Sources */,
				9176B0D12D175753D6A60BDC /* m-5195-Longest-Happy-String.swift in Sources */,
				BF93E34102E620A855F49FB5 /* m-mst-01.07-Rotate-Matrix-LCCI.swift in Sources */,
				BF93E7B7AD61FEF6F0D8A5B8 /* m-151-Reverse-Words-in-a-String.swift in Sources */,
				BF93E77B6EC5641025D6DA58 /* m-22-Generate-Parentheses.swift in Sources */,
				BF93EA0D7085FD4DE89A0992 /* m-820-Short-Encoding-of-Words.swift in Sources */,
				9176B25A0FE7CF1C227052D4 /* e-5380-String-Matching-in-an-Array.swift in Sources */,
				9176B455E0EF8F460E2C4AD8 /* m-5381-Queries-on-a-Permutation-With-Key.swift in Sources */,
			);
			runOnlyForDeploymentPostprocessing = 0;
		};
/* End PBXSourcesBuildPhase section */

/* Begin XCBuildConfiguration section */
		9176B2048D1EB88C6E12B4B5 /* Debug */ = {
			isa = XCBuildConfiguration;
			buildSettings = {
				ALWAYS_SEARCH_USER_PATHS = NO;
				CLANG_ANALYZER_NONNULL = YES;
				CLANG_ANALYZER_NUMBER_OBJECT_CONVERSION = YES_AGGRESSIVE;
				CLANG_CXX_LANGUAGE_STANDARD = "gnu++14";
				CLANG_CXX_LIBRARY = "libc++";
				CLANG_ENABLE_MODULES = YES;
				CLANG_ENABLE_OBJC_ARC = YES;
				CLANG_ENABLE_OBJC_WEAK = YES;
				CLANG_WARN_BLOCK_CAPTURE_AUTORELEASING = YES;
				CLANG_WARN_BOOL_CONVERSION = YES;
				CLANG_WARN_COMMA = YES;
				CLANG_WARN_CONSTANT_CONVERSION = YES;
				CLANG_WARN_DEPRECATED_OBJC_IMPLEMENTATIONS = YES;
				CLANG_WARN_DIRECT_OBJC_ISA_USAGE = YES_ERROR;
				CLANG_WARN_DOCUMENTATION_COMMENTS = YES;
				CLANG_WARN_EMPTY_BODY = YES;
				CLANG_WARN_ENUM_CONVERSION = YES;
				CLANG_WARN_INFINITE_RECURSION = YES;
				CLANG_WARN_INT_CONVERSION = YES;
				CLANG_WARN_NON_LITERAL_NULL_CONVERSION = YES;
				CLANG_WARN_OBJC_IMPLICIT_RETAIN_SELF = YES;
				CLANG_WARN_OBJC_LITERAL_CONVERSION = YES;
				CLANG_WARN_OBJC_ROOT_CLASS = YES_ERROR;
				CLANG_WARN_RANGE_LOOP_ANALYSIS = YES;
				CLANG_WARN_STRICT_PROTOTYPES = YES;
				CLANG_WARN_SUSPICIOUS_MOVE = YES;
				CLANG_WARN_UNGUARDED_AVAILABILITY = YES_AGGRESSIVE;
				CLANG_WARN_UNREACHABLE_CODE = YES;
				CLANG_WARN__DUPLICATE_METHOD_MATCH = YES;
				COPY_PHASE_STRIP = NO;
				DEBUG_INFORMATION_FORMAT = dwarf;
				ENABLE_STRICT_OBJC_MSGSEND = YES;
				ENABLE_TESTABILITY = YES;
				GCC_C_LANGUAGE_STANDARD = gnu11;
				GCC_DYNAMIC_NO_PIC = NO;
				GCC_NO_COMMON_BLOCKS = YES;
				GCC_OPTIMIZATION_LEVEL = 0;
				GCC_PREPROCESSOR_DEFINITIONS = (
					"DEBUG=1",
					"$(inherited)",
				);
				GCC_WARN_64_TO_32_BIT_CONVERSION = YES;
				GCC_WARN_ABOUT_RETURN_TYPE = YES_ERROR;
				GCC_WARN_UNDECLARED_SELECTOR = YES;
				GCC_WARN_UNINITIALIZED_AUTOS = YES_AGGRESSIVE;
				GCC_WARN_UNUSED_FUNCTION = YES;
				GCC_WARN_UNUSED_VARIABLE = YES;
				MACOSX_DEPLOYMENT_TARGET = 10.15;
				MTL_ENABLE_DEBUG_INFO = INCLUDE_SOURCE;
				MTL_FAST_MATH = YES;
				ONLY_ACTIVE_ARCH = YES;
				SDKROOT = macosx;
				SWIFT_ACTIVE_COMPILATION_CONDITIONS = DEBUG;
				SWIFT_OPTIMIZATION_LEVEL = "-Onone";
			};
			name = Debug;
		};
		9176B7B07583BA7637AB18D8 /* Release */ = {
			isa = XCBuildConfiguration;
			buildSettings = {
				ALWAYS_SEARCH_USER_PATHS = NO;
				CLANG_ANALYZER_NONNULL = YES;
				CLANG_ANALYZER_NUMBER_OBJECT_CONVERSION = YES_AGGRESSIVE;
				CLANG_CXX_LANGUAGE_STANDARD = "gnu++14";
				CLANG_CXX_LIBRARY = "libc++";
				CLANG_ENABLE_MODULES = YES;
				CLANG_ENABLE_OBJC_ARC = YES;
				CLANG_ENABLE_OBJC_WEAK = YES;
				CLANG_WARN_BLOCK_CAPTURE_AUTORELEASING = YES;
				CLANG_WARN_BOOL_CONVERSION = YES;
				CLANG_WARN_COMMA = YES;
				CLANG_WARN_CONSTANT_CONVERSION = YES;
				CLANG_WARN_DEPRECATED_OBJC_IMPLEMENTATIONS = YES;
				CLANG_WARN_DIRECT_OBJC_ISA_USAGE = YES_ERROR;
				CLANG_WARN_DOCUMENTATION_COMMENTS = YES;
				CLANG_WARN_EMPTY_BODY = YES;
				CLANG_WARN_ENUM_CONVERSION = YES;
				CLANG_WARN_INFINITE_RECURSION = YES;
				CLANG_WARN_INT_CONVERSION = YES;
				CLANG_WARN_NON_LITERAL_NULL_CONVERSION = YES;
				CLANG_WARN_OBJC_IMPLICIT_RETAIN_SELF = YES;
				CLANG_WARN_OBJC_LITERAL_CONVERSION = YES;
				CLANG_WARN_OBJC_ROOT_CLASS = YES_ERROR;
				CLANG_WARN_RANGE_LOOP_ANALYSIS = YES;
				CLANG_WARN_STRICT_PROTOTYPES = YES;
				CLANG_WARN_SUSPICIOUS_MOVE = YES;
				CLANG_WARN_UNGUARDED_AVAILABILITY = YES_AGGRESSIVE;
				CLANG_WARN_UNREACHABLE_CODE = YES;
				CLANG_WARN__DUPLICATE_METHOD_MATCH = YES;
				COPY_PHASE_STRIP = NO;
				DEBUG_INFORMATION_FORMAT = "dwarf-with-dsym";
				ENABLE_NS_ASSERTIONS = NO;
				ENABLE_STRICT_OBJC_MSGSEND = YES;
				GCC_C_LANGUAGE_STANDARD = gnu11;
				GCC_NO_COMMON_BLOCKS = YES;
				GCC_WARN_64_TO_32_BIT_CONVERSION = YES;
				GCC_WARN_ABOUT_RETURN_TYPE = YES_ERROR;
				GCC_WARN_UNDECLARED_SELECTOR = YES;
				GCC_WARN_UNINITIALIZED_AUTOS = YES_AGGRESSIVE;
				GCC_WARN_UNUSED_FUNCTION = YES;
				GCC_WARN_UNUSED_VARIABLE = YES;
				MACOSX_DEPLOYMENT_TARGET = 10.15;
				MTL_ENABLE_DEBUG_INFO = NO;
				MTL_FAST_MATH = YES;
				SDKROOT = macosx;
				SWIFT_OPTIMIZATION_LEVEL = "-Owholemodule";
			};
			name = Release;
		};
		9176BBA3957D922AE09E6E98 /* Debug */ = {
			isa = XCBuildConfiguration;
			buildSettings = {
				PRODUCT_NAME = "$(TARGET_NAME)";
				SWIFT_VERSION = 5.0;
			};
			name = Debug;
		};
		9176BC1C1D1EAA1B0CDB858B /* Release */ = {
			isa = XCBuildConfiguration;
			buildSettings = {
				PRODUCT_NAME = "$(TARGET_NAME)";
				SWIFT_VERSION = 5.0;
			};
			name = Release;
		};
/* End XCBuildConfiguration section */

/* Begin XCConfigurationList section */
		9176B856639D0FD862633A9A /* Build configuration list for PBXProject "LeetCode" */ = {
			isa = XCConfigurationList;
			buildConfigurations = (
				9176B2048D1EB88C6E12B4B5 /* Debug */,
				9176B7B07583BA7637AB18D8 /* Release */,
			);
			defaultConfigurationIsVisible = 0;
			defaultConfigurationName = Release;
		};
		9176BB68B42C9037F7C70901 /* Build configuration list for PBXNativeTarget "LeetCode" */ = {
			isa = XCConfigurationList;
			buildConfigurations = (
				9176BBA3957D922AE09E6E98 /* Debug */,
				9176BC1C1D1EAA1B0CDB858B /* Release */,
			);
			defaultConfigurationIsVisible = 0;
			defaultConfigurationName = Release;
		};
/* End XCConfigurationList section */
	};
	rootObject = 9176B455A3FE2E1079329D9F /* Project object */;
}
